// !$*UTF8*$!
{
	archiveVersion = 1;
	classes = {
	};
	objectVersion = 50;
	objects = {

/* Begin PBXBuildFile section */
		5466E2DB264599E900124B9A /* subcategories.json in Resources */ = {isa = PBXBuildFile; fileRef = 5466E2D8264599E900124B9A /* subcategories.json */; };
		5466E2DC264599E900124B9A /* categories.json in Resources */ = {isa = PBXBuildFile; fileRef = 5466E2D9264599E900124B9A /* categories.json */; };
		5466E2DD264599E900124B9A /* items.json in Resources */ = {isa = PBXBuildFile; fileRef = 5466E2DA264599E900124B9A /* items.json */; };
		5466E2F126459A5800124B9A /* CategoriesVewController.swift in Sources */ = {isa = PBXBuildFile; fileRef = 5466E2E526459A5800124B9A /* CategoriesVewController.swift */; };
		5466E2F226459A5800124B9A /* SubcategoriesViewController.swift in Sources */ = {isa = PBXBuildFile; fileRef = 5466E2E626459A5800124B9A /* SubcategoriesViewController.swift */; };
		5466E2F326459A5800124B9A /* ItemsViewController.swift in Sources */ = {isa = PBXBuildFile; fileRef = 5466E2E726459A5800124B9A /* ItemsViewController.swift */; };
		5466E2F426459A5800124B9A /* ManageSpendingTabViewController.swift in Sources */ = {isa = PBXBuildFile; fileRef = 5466E2E826459A5800124B9A /* ManageSpendingTabViewController.swift */; };
		5466E2F526459A5800124B9A /* DetailsViewController.swift in Sources */ = {isa = PBXBuildFile; fileRef = 5466E2E926459A5800124B9A /* DetailsViewController.swift */; };
		5466E2F626459A5800124B9A /* CustomCollectionViewCell.swift in Sources */ = {isa = PBXBuildFile; fileRef = 5466E2EB26459A5800124B9A /* CustomCollectionViewCell.swift */; };
		5466E2F726459A5800124B9A /* SelectedData.swift in Sources */ = {isa = PBXBuildFile; fileRef = 5466E2ED26459A5800124B9A /* SelectedData.swift */; };
		5466E2F826459A5800124B9A /* Data.swift in Sources */ = {isa = PBXBuildFile; fileRef = 5466E2EE26459A5800124B9A /* Data.swift */; };
		5466E2FA26459A5800124B9A /* PurchasesData.swift in Sources */ = {isa = PBXBuildFile; fileRef = 5466E2F026459A5800124B9A /* PurchasesData.swift */; };
		5466E2FD26459A9500124B9A /* DataLoader.swift in Sources */ = {isa = PBXBuildFile; fileRef = 5466E2FC26459A9500124B9A /* DataLoader.swift */; };
		5466E30026459AAF00124B9A /* Constants.swift in Sources */ = {isa = PBXBuildFile; fileRef = 5466E2FF26459AAF00124B9A /* Constants.swift */; };
		5466E30326459B2300124B9A /* Main.storyboard in Resources */ = {isa = PBXBuildFile; fileRef = 5466E30126459B2300124B9A /* Main.storyboard */; };
		5466E30426459B2300124B9A /* LaunchScreen.storyboard in Resources */ = {isa = PBXBuildFile; fileRef = 5466E30226459B2300124B9A /* LaunchScreen.storyboard */; };
		5466E30626459F2700124B9A /* Assets.xcassets in Resources */ = {isa = PBXBuildFile; fileRef = 5466E30526459F2700124B9A /* Assets.xcassets */; };
		547C9866245A578200AFB0D9 /* AppDelegate.swift in Sources */ = {isa = PBXBuildFile; fileRef = 547C9865245A578200AFB0D9 /* AppDelegate.swift */; };
		547C9868245A578200AFB0D9 /* SceneDelegate.swift in Sources */ = {isa = PBXBuildFile; fileRef = 547C9867245A578200AFB0D9 /* SceneDelegate.swift */; };
/* End PBXBuildFile section */

/* Begin PBXFileReference section */
		5466E2D8264599E900124B9A /* subcategories.json */ = {isa = PBXFileReference; fileEncoding = 4; lastKnownFileType = text.json; path = subcategories.json; sourceTree = "<group>"; };
		5466E2D9264599E900124B9A /* categories.json */ = {isa = PBXFileReference; fileEncoding = 4; lastKnownFileType = text.json; path = categories.json; sourceTree = "<group>"; };
		5466E2DA264599E900124B9A /* items.json */ = {isa = PBXFileReference; fileEncoding = 4; lastKnownFileType = text.json; path = items.json; sourceTree = "<group>"; };
		5466E2E526459A5800124B9A /* CategoriesVewController.swift */ = {isa = PBXFileReference; fileEncoding = 4; lastKnownFileType = sourcecode.swift; path = CategoriesVewController.swift; sourceTree = "<group>"; };
		5466E2E626459A5800124B9A /* SubcategoriesViewController.swift */ = {isa = PBXFileReference; fileEncoding = 4; lastKnownFileType = sourcecode.swift; path = SubcategoriesViewController.swift; sourceTree = "<group>"; };
		5466E2E726459A5800124B9A /* ItemsViewController.swift */ = {isa = PBXFileReference; fileEncoding = 4; lastKnownFileType = sourcecode.swift; path = ItemsViewController.swift; sourceTree = "<group>"; };
		5466E2E826459A5800124B9A /* ManageSpendingTabViewController.swift */ = {isa = PBXFileReference; fileEncoding = 4; lastKnownFileType = sourcecode.swift; path = ManageSpendingTabViewController.swift; sourceTree = "<group>"; };
		5466E2E926459A5800124B9A /* DetailsViewController.swift */ = {isa = PBXFileReference; fileEncoding = 4; lastKnownFileType = sourcecode.swift; path = DetailsViewController.swift; sourceTree = "<group>"; };
		5466E2EB26459A5800124B9A /* CustomCollectionViewCell.swift */ = {isa = PBXFileReference; fileEncoding = 4; lastKnownFileType = sourcecode.swift; path = CustomCollectionViewCell.swift; sourceTree = "<group>"; };
		5466E2ED26459A5800124B9A /* SelectedData.swift */ = {isa = PBXFileReference; fileEncoding = 4; lastKnownFileType = sourcecode.swift; path = SelectedData.swift; sourceTree = "<group>"; };
		5466E2EE26459A5800124B9A /* Data.swift */ = {isa = PBXFileReference; fileEncoding = 4; lastKnownFileType = sourcecode.swift; path = Data.swift; sourceTree = "<group>"; };
		5466E2F026459A5800124B9A /* PurchasesData.swift */ = {isa = PBXFileReference; fileEncoding = 4; lastKnownFileType = sourcecode.swift; path = PurchasesData.swift; sourceTree = "<group>"; };
		5466E2FC26459A9500124B9A /* DataLoader.swift */ = {isa = PBXFileReference; fileEncoding = 4; lastKnownFileType = sourcecode.swift; path = DataLoader.swift; sourceTree = "<group>"; };
		5466E2FF26459AAF00124B9A /* Constants.swift */ = {isa = PBXFileReference; fileEncoding = 4; lastKnownFileType = sourcecode.swift; path = Constants.swift; sourceTree = "<group>"; };
		5466E30126459B2300124B9A /* Main.storyboard */ = {isa = PBXFileReference; fileEncoding = 4; lastKnownFileType = file.storyboard; path = Main.storyboard; sourceTree = "<group>"; };
		5466E30226459B2300124B9A /* LaunchScreen.storyboard */ = {isa = PBXFileReference; fileEncoding = 4; lastKnownFileType = file.storyboard; path = LaunchScreen.storyboard; sourceTree = "<group>"; };
		5466E30526459F2700124B9A /* Assets.xcassets */ = {isa = PBXFileReference; lastKnownFileType = folder.assetcatalog; path = Assets.xcassets; sourceTree = "<group>"; };
		547C9862245A578200AFB0D9 /* CollectionViewsDataDrivenlist.app */ = {isa = PBXFileReference; explicitFileType = wrapper.application; includeInIndex = 0; path = CollectionViewsDataDrivenlist.app; sourceTree = BUILT_PRODUCTS_DIR; };
		547C9865245A578200AFB0D9 /* AppDelegate.swift */ = {isa = PBXFileReference; lastKnownFileType = sourcecode.swift; path = AppDelegate.swift; sourceTree = "<group>"; };
		547C9867245A578200AFB0D9 /* SceneDelegate.swift */ = {isa = PBXFileReference; lastKnownFileType = sourcecode.swift; path = SceneDelegate.swift; sourceTree = "<group>"; };
		547C9873245A578200AFB0D9 /* Info.plist */ = {isa = PBXFileReference; lastKnownFileType = text.plist.xml; path = Info.plist; sourceTree = "<group>"; };
/* End PBXFileReference section */

/* Begin PBXFrameworksBuildPhase section */
		547C985F245A578200AFB0D9 /* Frameworks */ = {
			isa = PBXFrameworksBuildPhase;
			buildActionMask = 2147483647;
			files = (
			);
			runOnlyForDeploymentPostprocessing = 0;
		};
/* End PBXFrameworksBuildPhase section */

/* Begin PBXGroup section */
		5466E2E426459A5800124B9A /* Controller */ = {
			isa = PBXGroup;
			children = (
				5466E2E526459A5800124B9A /* CategoriesVewController.swift */,
				5466E2E626459A5800124B9A /* SubcategoriesViewController.swift */,
				5466E2E726459A5800124B9A /* ItemsViewController.swift */,
				5466E2E826459A5800124B9A /* ManageSpendingTabViewController.swift */,
				5466E2E926459A5800124B9A /* DetailsViewController.swift */,
			);
			path = Controller;
			sourceTree = "<group>";
		};
		5466E2EA26459A5800124B9A /* View */ = {
			isa = PBXGroup;
			children = (
				5466E2EB26459A5800124B9A /* CustomCollectionViewCell.swift */,
			);
			path = View;
			sourceTree = "<group>";
		};
		5466E2EC26459A5800124B9A /* Model */ = {
			isa = PBXGroup;
			children = (
				5466E2ED26459A5800124B9A /* SelectedData.swift */,
				5466E2EE26459A5800124B9A /* Data.swift */,
				5466E2F026459A5800124B9A /* PurchasesData.swift */,
			);
			path = Model;
			sourceTree = "<group>";
		};
		5466E2FB26459A9500124B9A /* Managers */ = {
			isa = PBXGroup;
			children = (
				5466E2FC26459A9500124B9A /* DataLoader.swift */,
			);
			path = Managers;
			sourceTree = "<group>";
		};
		5466E2FE26459AAF00124B9A /* Constants */ = {
			isa = PBXGroup;
			children = (
				5466E2FF26459AAF00124B9A /* Constants.swift */,
			);
			path = Constants;
			sourceTree = "<group>";
		};
		547C9859245A578200AFB0D9 = {
			isa = PBXGroup;
			children = (
				547C9864245A578200AFB0D9 /* CollectionViewsDataDrivenlist */,
				547C9863245A578200AFB0D9 /* Products */,
			);
			sourceTree = "<group>";
		};
		547C9863245A578200AFB0D9 /* Products */ = {
			isa = PBXGroup;
			children = (
				547C9862245A578200AFB0D9 /* CollectionViewsDataDrivenlist.app */,
			);
			name = Products;
			sourceTree = "<group>";
		};
		547C9864245A578200AFB0D9 /* CollectionViewsDataDrivenlist */ = {
			isa = PBXGroup;
			children = (
				547C9865245A578200AFB0D9 /* AppDelegate.swift */,
				547C9867245A578200AFB0D9 /* SceneDelegate.swift */,
				5466E30226459B2300124B9A /* LaunchScreen.storyboard */,
				5466E30126459B2300124B9A /* Main.storyboard */,
				5466E2FE26459AAF00124B9A /* Constants */,
				5466E2FB26459A9500124B9A /* Managers */,
				5466E2E426459A5800124B9A /* Controller */,
				5466E2EC26459A5800124B9A /* Model */,
				5466E2EA26459A5800124B9A /* View */,
				547C9888245A57D700AFB0D9 /* JSON Files */,
				547C9873245A578200AFB0D9 /* Info.plist */,
				5466E30526459F2700124B9A /* Assets.xcassets */,
			);
			path = CollectionViewsDataDrivenlist;
			sourceTree = "<group>";
		};
		547C9888245A57D700AFB0D9 /* JSON Files */ = {
			isa = PBXGroup;
			children = (
				5466E2D9264599E900124B9A /* categories.json */,
				5466E2DA264599E900124B9A /* items.json */,
				5466E2D8264599E900124B9A /* subcategories.json */,
			);
			path = "JSON Files";
			sourceTree = "<group>";
		};
/* End PBXGroup section */

/* Begin PBXNativeTarget section */
		547C9861245A578200AFB0D9 /* CollectionViewsDataDrivenlist */ = {
			isa = PBXNativeTarget;
			buildConfigurationList = 547C9876245A578200AFB0D9 /* Build configuration list for PBXNativeTarget "CollectionViewsDataDrivenlist" */;
			buildPhases = (
				547C985E245A578200AFB0D9 /* Sources */,
				547C985F245A578200AFB0D9 /* Frameworks */,
				547C9860245A578200AFB0D9 /* Resources */,
			);
			buildRules = (
			);
			dependencies = (
			);
			name = CollectionViewsDataDrivenlist;
			productName = CollectionViewsDataDrivenlist;
			productReference = 547C9862245A578200AFB0D9 /* CollectionViewsDataDrivenlist.app */;
			productType = "com.apple.product-type.application";
		};
/* End PBXNativeTarget section */

/* Begin PBXProject section */
		547C985A245A578200AFB0D9 /* Project object */ = {
			isa = PBXProject;
			attributes = {
				LastSwiftUpdateCheck = 1130;
				LastUpgradeCheck = 1130;
				ORGANIZATIONNAME = "Mospeng Research Lab Philippines";
				TargetAttributes = {
					547C9861245A578200AFB0D9 = {
						CreatedOnToolsVersion = 11.3;
					};
				};
			};
			buildConfigurationList = 547C985D245A578200AFB0D9 /* Build configuration list for PBXProject "CollectionViewsDataDrivenlist" */;
			compatibilityVersion = "Xcode 9.3";
			developmentRegion = en;
			hasScannedForEncodings = 0;
			knownRegions = (
				en,
				Base,
			);
			mainGroup = 547C9859245A578200AFB0D9;
			productRefGroup = 547C9863245A578200AFB0D9 /* Products */;
			projectDirPath = "";
			projectRoot = "";
			targets = (
				547C9861245A578200AFB0D9 /* CollectionViewsDataDrivenlist */,
			);
		};
/* End PBXProject section */

/* Begin PBXResourcesBuildPhase section */
		547C9860245A578200AFB0D9 /* Resources */ = {
			isa = PBXResourcesBuildPhase;
			buildActionMask = 2147483647;
			files = (
				5466E30326459B2300124B9A /* Main.storyboard in Resources */,
				5466E2DD264599E900124B9A /* items.json in Resources */,
				5466E30426459B2300124B9A /* LaunchScreen.storyboard in Resources */,
				5466E2DB264599E900124B9A /* subcategories.json in Resources */,
				5466E30626459F2700124B9A /* Assets.xcassets in Resources */,
				5466E2DC264599E900124B9A /* categories.json in Resources */,
			);
			runOnlyForDeploymentPostprocessing = 0;
		};
/* End PBXResourcesBuildPhase section */

/* Begin PBXSourcesBuildPhase section */
		547C985E245A578200AFB0D9 /* Sources */ = {
			isa = PBXSourcesBuildPhase;
			buildActionMask = 2147483647;
			files = (
				5466E2F326459A5800124B9A /* ItemsViewController.swift in Sources */,
				5466E2F826459A5800124B9A /* Data.swift in Sources */,
				5466E2FA26459A5800124B9A /* PurchasesData.swift in Sources */,
				5466E2F726459A5800124B9A /* SelectedData.swift in Sources */,
				547C9866245A578200AFB0D9 /* AppDelegate.swift in Sources */,
				5466E2F226459A5800124B9A /* SubcategoriesViewController.swift in Sources */,
				5466E2F626459A5800124B9A /* CustomCollectionViewCell.swift in Sources */,
				5466E2F126459A5800124B9A /* CategoriesVewController.swift in Sources */,
				5466E2F526459A5800124B9A /* DetailsViewController.swift in Sources */,
				5466E2FD26459A9500124B9A /* DataLoader.swift in Sources */,
				547C9868245A578200AFB0D9 /* SceneDelegate.swift in Sources */,
				5466E30026459AAF00124B9A /* Constants.swift in Sources */,
				5466E2F426459A5800124B9A /* ManageSpendingTabViewController.swift in Sources */,
			);
			runOnlyForDeploymentPostprocessing = 0;
		};
/* End PBXSourcesBuildPhase section */

/* Begin XCBuildConfiguration section */
		547C9874245A578200AFB0D9 /* Debug */ = {
			isa = XCBuildConfiguration;
			buildSettings = {
				ALWAYS_SEARCH_USER_PATHS = NO;
				CLANG_ANALYZER_NONNULL = YES;
				CLANG_ANALYZER_NUMBER_OBJECT_CONVERSION = YES_AGGRESSIVE;
				CLANG_CXX_LANGUAGE_STANDARD = "gnu++14";
				CLANG_CXX_LIBRARY = "libc++";
				CLANG_ENABLE_MODULES = YES;
				CLANG_ENABLE_OBJC_ARC = YES;
				CLANG_ENABLE_OBJC_WEAK = YES;
				CLANG_WARN_BLOCK_CAPTURE_AUTORELEASING = YES;
				CLANG_WARN_BOOL_CONVERSION = YES;
				CLANG_WARN_COMMA = YES;
				CLANG_WARN_CONSTANT_CONVERSION = YES;
				CLANG_WARN_DEPRECATED_OBJC_IMPLEMENTATIONS = YES;
				CLANG_WARN_DIRECT_OBJC_ISA_USAGE = YES_ERROR;
				CLANG_WARN_DOCUMENTATION_COMMENTS = YES;
				CLANG_WARN_EMPTY_BODY = YES;
				CLANG_WARN_ENUM_CONVERSION = YES;
				CLANG_WARN_INFINITE_RECURSION = YES;
				CLANG_WARN_INT_CONVERSION = YES;
				CLANG_WARN_NON_LITERAL_NULL_CONVERSION = YES;
				CLANG_WARN_OBJC_IMPLICIT_RETAIN_SELF = YES;
				CLANG_WARN_OBJC_LITERAL_CONVERSION = YES;
				CLANG_WARN_OBJC_ROOT_CLASS = YES_ERROR;
				CLANG_WARN_RANGE_LOOP_ANALYSIS = YES;
				CLANG_WARN_STRICT_PROTOTYPES = YES;
				CLANG_WARN_SUSPICIOUS_MOVE = YES;
				CLANG_WARN_UNGUARDED_AVAILABILITY = YES_AGGRESSIVE;
				CLANG_WARN_UNREACHABLE_CODE = YES;
				CLANG_WARN__DUPLICATE_METHOD_MATCH = YES;
				COPY_PHASE_STRIP = NO;
				DEBUG_INFORMATION_FORMAT = dwarf;
				ENABLE_STRICT_OBJC_MSGSEND = YES;
				ENABLE_TESTABILITY = YES;
				GCC_C_LANGUAGE_STANDARD = gnu11;
				GCC_DYNAMIC_NO_PIC = NO;
				GCC_NO_COMMON_BLOCKS = YES;
				GCC_OPTIMIZATION_LEVEL = 0;
				GCC_PREPROCESSOR_DEFINITIONS = (
					"DEBUG=1",
					"$(inherited)",
				);
				GCC_WARN_64_TO_32_BIT_CONVERSION = YES;
				GCC_WARN_ABOUT_RETURN_TYPE = YES_ERROR;
				GCC_WARN_UNDECLARED_SELECTOR = YES;
				GCC_WARN_UNINITIALIZED_AUTOS = YES_AGGRESSIVE;
				GCC_WARN_UNUSED_FUNCTION = YES;
				GCC_WARN_UNUSED_VARIABLE = YES;
				IPHONEOS_DEPLOYMENT_TARGET = 13.2;
				MTL_ENABLE_DEBUG_INFO = INCLUDE_SOURCE;
				MTL_FAST_MATH = YES;
				ONLY_ACTIVE_ARCH = YES;
				SDKROOT = iphoneos;
				SWIFT_ACTIVE_COMPILATION_CONDITIONS = DEBUG;
				SWIFT_OPTIMIZATION_LEVEL = "-Onone";
			};
			name = Debug;
		};
		547C9875245A578200AFB0D9 /* Release */ = {
			isa = XCBuildConfiguration;
			buildSettings = {
				ALWAYS_SEARCH_USER_PATHS = NO;
				CLANG_ANALYZER_NONNULL = YES;
				CLANG_ANALYZER_NUMBER_OBJECT_CONVERSION = YES_AGGRESSIVE;
				CLANG_CXX_LANGUAGE_STANDARD = "gnu++14";
				CLANG_CXX_LIBRARY = "libc++";
				CLANG_ENABLE_MODULES = YES;
				CLANG_ENABLE_OBJC_ARC = YES;
				CLANG_ENABLE_OBJC_WEAK = YES;
				CLANG_WARN_BLOCK_CAPTURE_AUTORELEASING = YES;
				CLANG_WARN_BOOL_CONVERSION = YES;
				CLANG_WARN_COMMA = YES;
				CLANG_WARN_CONSTANT_CONVERSION = YES;
				CLANG_WARN_DEPRECATED_OBJC_IMPLEMENTATIONS = YES;
				CLANG_WARN_DIRECT_OBJC_ISA_USAGE = YES_ERROR;
				CLANG_WARN_DOCUMENTATION_COMMENTS = YES;
				CLANG_WARN_EMPTY_BODY = YES;
				CLANG_WARN_ENUM_CONVERSION = YES;
				CLANG_WARN_INFINITE_RECURSION = YES;
				CLANG_WARN_INT_CONVERSION = YES;
				CLANG_WARN_NON_LITERAL_NULL_CONVERSION = YES;
				CLANG_WARN_OBJC_IMPLICIT_RETAIN_SELF = YES;
				CLANG_WARN_OBJC_LITERAL_CONVERSION = YES;
				CLANG_WARN_OBJC_ROOT_CLASS = YES_ERROR;
				CLANG_WARN_RANGE_LOOP_ANALYSIS = YES;
				CLANG_WARN_STRICT_PROTOTYPES = YES;
				CLANG_WARN_SUSPICIOUS_MOVE = YES;
				CLANG_WARN_UNGUARDED_AVAILABILITY = YES_AGGRESSIVE;
				CLANG_WARN_UNREACHABLE_CODE = YES;
				CLANG_WARN__DUPLICATE_METHOD_MATCH = YES;
				COPY_PHASE_STRIP = NO;
				DEBUG_INFORMATION_FORMAT = "dwarf-with-dsym";
				ENABLE_NS_ASSERTIONS = NO;
				ENABLE_STRICT_OBJC_MSGSEND = YES;
				GCC_C_LANGUAGE_STANDARD = gnu11;
				GCC_NO_COMMON_BLOCKS = YES;
				GCC_WARN_64_TO_32_BIT_CONVERSION = YES;
				GCC_WARN_ABOUT_RETURN_TYPE = YES_ERROR;
				GCC_WARN_UNDECLARED_SELECTOR = YES;
				GCC_WARN_UNINITIALIZED_AUTOS = YES_AGGRESSIVE;
				GCC_WARN_UNUSED_FUNCTION = YES;
				GCC_WARN_UNUSED_VARIABLE = YES;
				IPHONEOS_DEPLOYMENT_TARGET = 13.2;
				MTL_ENABLE_DEBUG_INFO = NO;
				MTL_FAST_MATH = YES;
				SDKROOT = iphoneos;
				SWIFT_COMPILATION_MODE = wholemodule;
				SWIFT_OPTIMIZATION_LEVEL = "-O";
				VALIDATE_PRODUCT = YES;
			};
			name = Release;
		};
		547C9877245A578200AFB0D9 /* Debug */ = {
			isa = XCBuildConfiguration;
			buildSettings = {
				ASSETCATALOG_COMPILER_APPICON_NAME = AppIcon;
				CODE_SIGN_STYLE = Automatic;
				DEVELOPMENT_TEAM = MG5HUZ45F2;
				INFOPLIST_FILE = CollectionViewsDataDrivenlist/Info.plist;
				LD_RUNPATH_SEARCH_PATHS = (
					"$(inherited)",
					"@executable_path/Frameworks",
				);
				PRODUCT_BUNDLE_IDENTIFIER = com.mospengresearchlabphilippines.CollectionViewsDataDrivenlist;
				PRODUCT_NAME = "$(TARGET_NAME)";
				SWIFT_VERSION = 5.0;
				TARGETED_DEVICE_FAMILY = "1,2";
			};
			name = Debug;
		};
		547C9878245A578200AFB0D9 /* Release */ = {
			isa = XCBuildConfiguration;
			buildSettings = {
				ASSETCATALOG_COMPILER_APPICON_NAME = AppIcon;
				CODE_SIGN_STYLE = Automatic;
				DEVELOPMENT_TEAM = MG5HUZ45F2;
				INFOPLIST_FILE = CollectionViewsDataDrivenlist/Info.plist;
				LD_RUNPATH_SEARCH_PATHS = (
					"$(inherited)",
					"@executable_path/Frameworks",
				);
				PRODUCT_BUNDLE_IDENTIFIER = com.mospengresearchlabphilippines.CollectionViewsDataDrivenlist;
				PRODUCT_NAME = "$(TARGET_NAME)";
				SWIFT_VERSION = 5.0;
				TARGETED_DEVICE_FAMILY = "1,2";
			};
			name = Release;
		};
/* End XCBuildConfiguration section */

/* Begin XCConfigurationList section */
		547C985D245A578200AFB0D9 /* Build configuration list for PBXProject "CollectionViewsDataDrivenlist" */ = {
			isa = XCConfigurationList;
			buildConfigurations = (
				547C9874245A578200AFB0D9 /* Debug */,
				547C9875245A578200AFB0D9 /* Release */,
			);
			defaultConfigurationIsVisible = 0;
			defaultConfigurationName = Release;
		};
		547C9876245A578200AFB0D9 /* Build configuration list for PBXNativeTarget "CollectionViewsDataDrivenlist" */ = {
			isa = XCConfigurationList;
			buildConfigurations = (
				547C9877245A578200AFB0D9 /* Debug */,
				547C9878245A578200AFB0D9 /* Release */,
			);
			defaultConfigurationIsVisible = 0;
			defaultConfigurationName = Release;
		};
/* End XCConfigurationList section */
	};
	rootObject = 547C985A245A578200AFB0D9 /* Project object */;
}
